// !$*UTF8*$!
{
	archiveVersion = 1;
	classes = {
	};
	objectVersion = 56;
	objects = {

/* Begin PBXBuildFile section */
		A1000001 /* PlanTapDo.swift in Sources */ = {isa = PBXBuildFile; fileRef = B1000001 /* PlanTapDo.swift */; };
		A1000002 /* ContentView.swift in Sources */ = {isa = PBXBuildFile; fileRef = B1000002 /* ContentView.swift */; };
		A1000003 /* Models.swift in Sources */ = {isa = PBXBuildFile; fileRef = B1000003 /* Models.swift */; };
		A1000004 /* TodoViewModel.swift in Sources */ = {isa = PBXBuildFile; fileRef = B1000004 /* TodoViewModel.swift */; };
		A1000005 /* APIClient.swift in Sources */ = {isa = PBXBuildFile; fileRef = B1000005 /* APIClient.swift */; };
		A1000006 /* AnalyticsManager.swift in Sources */ = {isa = PBXBuildFile; fileRef = B1000006 /* AnalyticsManager.swift */; };
		A1000007 /* SentryManager.swift in Sources */ = {isa = PBXBuildFile; fileRef = B1000007 /* SentryManager.swift */; };
		A1000009 /* TodoListView.swift in Sources */ = {isa = PBXBuildFile; fileRef = B1000009 /* TodoListView.swift */; };
		A1000010 /* CalendarView.swift in Sources */ = {isa = PBXBuildFile; fileRef = B1000010 /* CalendarView.swift */; };
		A1000011 /* TodayView.swift in Sources */ = {isa = PBXBuildFile; fileRef = B1000011 /* TodayView.swift */; };
		A1000012 /* FutureView.swift in Sources */ = {isa = PBXBuildFile; fileRef = B1000012 /* FutureView.swift */; };
		A1000013 /* CategoriesView.swift in Sources */ = {isa = PBXBuildFile; fileRef = B1000013 /* CategoriesView.swift */; };
		A1000014 /* CalendarHourlyGrid.swift in Sources */ = {isa = PBXBuildFile; fileRef = B1000014 /* CalendarHourlyGrid.swift */; };
		A1000015 /* SettingsView.swift in Sources */ = {isa = PBXBuildFile; fileRef = B1000015 /* SettingsView.swift */; };
		A1000017 /* AnalyticsView.swift in Sources */ = {isa = PBXBuildFile; fileRef = B1000017 /* AnalyticsView.swift */; };
		A1000020 /* ScreenContainer.swift in Sources */ = {isa = PBXBuildFile; fileRef = B1000020 /* ScreenContainer.swift */; };
		A1000021 /* Assets.xcassets in Resources */ = {isa = PBXBuildFile; fileRef = B1000021 /* Assets.xcassets */; };
		A1000024 /* AppStateStore.swift in Sources */ = {isa = PBXBuildFile; fileRef = B1000024 /* AppStateStore.swift */; };
		A1000025 /* CredentialStore.swift in Sources */ = {isa = PBXBuildFile; fileRef = B1000025 /* CredentialStore.swift */; };
		A1000027 /* LocalNotificationManager.swift in Sources */ = {isa = PBXBuildFile; fileRef = B1000027 /* LocalNotificationManager.swift */; };
		A1000028 /* SubscriptionManager.swift in Sources */ = {isa = PBXBuildFile; fileRef = B1000022 /* SubscriptionManager.swift */; };
		A1000026 /* PrivacyInfo.xcprivacy in Resources */ = {isa = PBXBuildFile; fileRef = B1000026 /* PrivacyInfo.xcprivacy */; };
		A3000001 /* AppStateStoreTests.swift in Sources */ = {isa = PBXBuildFile; fileRef = B3000001 /* AppStateStoreTests.swift */; };
		A3000002 /* XCTest.framework in Frameworks */ = {isa = PBXBuildFile; fileRef = B3000002 /* XCTest.framework */; };
/* End PBXBuildFile section */

/* Begin PBXContainerItemProxy section */
		P3000001 /* PBXContainerItemProxy */ = {
			isa = PBXContainerItemProxy;
			containerPortal = F2000001 /* Project object */;
			proxyType = 1;
			remoteGlobalIDString = F1000001;
			remoteInfo = PlanTapDo;
		};
/* End PBXContainerItemProxy section */

/* Begin PBXFileReference section */
		B1000001 /* PlanTapDo.swift */ = {isa = PBXFileReference; lastKnownFileType = sourcecode.swift; path = PlanTapDo.swift; sourceTree = "<group>"; };
		B1000002 /* ContentView.swift */ = {isa = PBXFileReference; lastKnownFileType = sourcecode.swift; path = ContentView.swift; sourceTree = "<group>"; };
		B1000003 /* Models.swift */ = {isa = PBXFileReference; lastKnownFileType = sourcecode.swift; path = Models.swift; sourceTree = "<group>"; };
		B1000004 /* TodoViewModel.swift */ = {isa = PBXFileReference; lastKnownFileType = sourcecode.swift; path = TodoViewModel.swift; sourceTree = "<group>"; };
		B1000005 /* APIClient.swift */ = {isa = PBXFileReference; lastKnownFileType = sourcecode.swift; path = APIClient.swift; sourceTree = "<group>"; };
		B1000006 /* AnalyticsManager.swift */ = {isa = PBXFileReference; lastKnownFileType = sourcecode.swift; path = AnalyticsManager.swift; sourceTree = "<group>"; };
		B1000007 /* SentryManager.swift */ = {isa = PBXFileReference; lastKnownFileType = sourcecode.swift; path = SentryManager.swift; sourceTree = "<group>"; };
		B1000008 /* Info.plist */ = {isa = PBXFileReference; lastKnownFileType = text.plist.xml; path = Info.plist; sourceTree = "<group>"; };
		B1000009 /* TodoListView.swift */ = {isa = PBXFileReference; lastKnownFileType = sourcecode.swift; path = TodoListView.swift; sourceTree = "<group>"; };
		B1000010 /* CalendarView.swift */ = {isa = PBXFileReference; lastKnownFileType = sourcecode.swift; path = CalendarView.swift; sourceTree = "<group>"; };
		B1000011 /* TodayView.swift */ = {isa = PBXFileReference; lastKnownFileType = sourcecode.swift; path = TodayView.swift; sourceTree = "<group>"; };
		B1000012 /* FutureView.swift */ = {isa = PBXFileReference; lastKnownFileType = sourcecode.swift; path = FutureView.swift; sourceTree = "<group>"; };
		B1000013 /* CategoriesView.swift */ = {isa = PBXFileReference; lastKnownFileType = sourcecode.swift; path = CategoriesView.swift; sourceTree = "<group>"; };
		B1000014 /* CalendarHourlyGrid.swift */ = {isa = PBXFileReference; lastKnownFileType = sourcecode.swift; path = CalendarHourlyGrid.swift; sourceTree = "<group>"; };
		B1000015 /* SettingsView.swift */ = {isa = PBXFileReference; lastKnownFileType = sourcecode.swift; path = SettingsView.swift; sourceTree = "<group>"; };
		B1000017 /* AnalyticsView.swift */ = {isa = PBXFileReference; lastKnownFileType = sourcecode.swift; path = AnalyticsView.swift; sourceTree = "<group>"; };
		B1000018 /* AccountView.swift */ = {isa = PBXFileReference; lastKnownFileType = sourcecode.swift; path = AccountView.swift; sourceTree = "<group>"; };
		B1000020 /* ScreenContainer.swift */ = {isa = PBXFileReference; lastKnownFileType = sourcecode.swift; path = ScreenContainer.swift; sourceTree = "<group>"; };
		B1000021 /* Assets.xcassets */ = {isa = PBXFileReference; lastKnownFileType = folder.assetcatalog; path = Assets.xcassets; sourceTree = "<group>"; };
		B1000022 /* SubscriptionManager.swift */ = {isa = PBXFileReference; lastKnownFileType = sourcecode.swift; path = SubscriptionManager.swift; sourceTree = "<group>"; };
		B1000023 /* OnboardingView.swift */ = {isa = PBXFileReference; lastKnownFileType = sourcecode.swift; path = OnboardingView.swift; sourceTree = "<group>"; };
		B1000024 /* AppStateStore.swift */ = {isa = PBXFileReference; lastKnownFileType = sourcecode.swift; path = AppStateStore.swift; sourceTree = "<group>"; };
		B1000025 /* CredentialStore.swift */ = {isa = PBXFileReference; lastKnownFileType = sourcecode.swift; path = CredentialStore.swift; sourceTree = "<group>"; };
		B1000026 /* PrivacyInfo.xcprivacy */ = {isa = PBXFileReference; lastKnownFileType = text.xml; path = PrivacyInfo.xcprivacy; sourceTree = "<group>"; };
		B1000027 /* LocalNotificationManager.swift */ = {isa = PBXFileReference; lastKnownFileType = sourcecode.swift; path = LocalNotificationManager.swift; sourceTree = "<group>"; };
		B3000001 /* AppStateStoreTests.swift */ = {isa = PBXFileReference; lastKnownFileType = sourcecode.swift; path = AppStateStoreTests.swift; sourceTree = "<group>"; };
		B3000002 /* XCTest.framework */ = {isa = PBXFileReference; lastKnownFileType = wrapper.framework; name = XCTest.framework; path = System/Library/Frameworks/XCTest.framework; sourceTree = SDKROOT; };
		C1000001 /* PlanTapDo.app */ = {isa = PBXFileReference; explicitFileType = wrapper.application; includeInIndex = 0; path = PlanTapDo.app; sourceTree = BUILT_PRODUCTS_DIR; };
		C3000001 /* PlanTapDoTests.xctest */ = {isa = PBXFileReference; explicitFileType = wrapper.cfbundle; includeInIndex = 0; path = PlanTapDoTests.xctest; sourceTree = BUILT_PRODUCTS_DIR; };
/* End PBXFileReference section */

/* Begin PBXFrameworksBuildPhase section */
		D1000001 /* Frameworks */ = {
			isa = PBXFrameworksBuildPhase;
			buildActionMask = 2147483647;
			files = (
			);
			runOnlyForDeploymentPostprocessing = 0;
		};
		D3000001 /* Frameworks */ = {
			isa = PBXFrameworksBuildPhase;
			buildActionMask = 2147483647;
			files = (
				A3000002 /* XCTest.framework in Frameworks */,
			);
			runOnlyForDeploymentPostprocessing = 0;
		};
/* End PBXFrameworksBuildPhase section */

/* Begin PBXGroup section */
		E1000000 = {
			isa = PBXGroup;
			children = (
				E1000001 /* PlanTapDo */,
				E3000001 /* PlanTapDoTests */,
				E1000002 /* Products */,
			);
			sourceTree = "<group>";
		};
		E1000001 /* PlanTapDo */ = {
			isa = PBXGroup;
			children = (
				B1000001 /* PlanTapDo.swift */,
				B1000002 /* ContentView.swift */,
				B1000003 /* Models.swift */,
				B1000004 /* TodoViewModel.swift */,
				B1000005 /* APIClient.swift */,
				B1000006 /* AnalyticsManager.swift */,
				B1000007 /* SentryManager.swift */,
				B1000008 /* Info.plist */,
				B1000009 /* TodoListView.swift */,
				B1000010 /* CalendarView.swift */,
				B1000011 /* TodayView.swift */,
				B1000012 /* FutureView.swift */,
				B1000013 /* CategoriesView.swift */,
				B1000014 /* CalendarHourlyGrid.swift */,
				B1000015 /* SettingsView.swift */,
				B1000017 /* AnalyticsView.swift */,
				B1000018 /* AccountView.swift */,
				B1000020 /* ScreenContainer.swift */,
				B1000021 /* Assets.xcassets */,
				B1000024 /* AppStateStore.swift */,
				B1000025 /* CredentialStore.swift */,
				B1000027 /* LocalNotificationManager.swift */,
				B1000026 /* PrivacyInfo.xcprivacy */,
				B1000022 /* SubscriptionManager.swift */,
				B1000023 /* OnboardingView.swift */,
			);
			path = PlanTapDo;
			sourceTree = "<group>";
		};
		E1000002 /* Products */ = {
			isa = PBXGroup;
			children = (
				C1000001 /* PlanTapDo.app */,
				C3000001 /* PlanTapDoTests.xctest */,
			);
			name = Products;
			sourceTree = "<group>";
		};
		E3000001 /* PlanTapDoTests */ = {
			isa = PBXGroup;
			children = (
				B3000001 /* AppStateStoreTests.swift */,
			);
			path = PlanTapDoTests;
			sourceTree = "<group>";
		};
/* End PBXGroup section */

/* Begin PBXNativeTarget section */
		F1000001 /* PlanTapDo */ = {
			isa = PBXNativeTarget;
			buildConfigurationList = G1000002 /* Build configuration list for PBXNativeTarget "PlanTapDo" */;
			buildPhases = (
				H1000001 /* Sources */,
				D1000001 /* Frameworks */,
				H1000002 /* Resources */,
			);
			buildRules = (
			);
			dependencies = (
			);
			name = PlanTapDo;
			productName = PlanTapDo;
			productReference = C1000001 /* PlanTapDo.app */;
			productType = "com.apple.product-type.application";
		};
		F3000001 /* PlanTapDoTests */ = {
			isa = PBXNativeTarget;
			buildConfigurationList = G3000003 /* Build configuration list for PBXNativeTarget "PlanTapDoTests" */;
			buildPhases = (
				H3000001 /* Sources */,
				D3000001 /* Frameworks */,
				H3000002 /* Resources */,
			);
			buildRules = (
			);
			dependencies = (
				P3000002 /* PBXTargetDependency */,
			);
			name = PlanTapDoTests;
			productName = PlanTapDoTests;
			productReference = C3000001 /* PlanTapDoTests.xctest */;
			productType = "com.apple.product-type.bundle.unit-test";
		};
/* End PBXNativeTarget section */

/* Begin PBXProject section */
		F2000001 /* Project object */ = {
			isa = PBXProject;
			attributes = {
				BuildIndependentTargetsInParallel = 1;
				LastSwiftUpdateCheck = 1500;
				LastUpgradeCheck = 2660;
				TargetAttributes = {
					F1000001 = {
						CreatedOnToolsVersion = 15.0;
					};
					F3000001 = {
						CreatedOnToolsVersion = 26.0;
						TestTargetID = F1000001;
					};
				};
			};
			buildConfigurationList = G1000001 /* Build configuration list for PBXProject "PlanTapDo" */;
			compatibilityVersion = "Xcode 14.0";
			developmentRegion = en;
			hasScannedForEncodings = 0;
			knownRegions = (
				en,
				Base,
			);
			mainGroup = E1000000;
			productRefGroup = E1000002 /* Products */;
			projectDirPath = "";
			projectRoot = "";
			targets = (
				F1000001 /* PlanTapDo */,
				F3000001 /* PlanTapDoTests */,
			);
		};
/* End PBXProject section */

/* Begin PBXResourcesBuildPhase section */
		H1000002 /* Resources */ = {
			isa = PBXResourcesBuildPhase;
			buildActionMask = 2147483647;
			files = (
				A1000021 /* Assets.xcassets in Resources */,
				A1000026 /* PrivacyInfo.xcprivacy in Resources */,
			);
			runOnlyForDeploymentPostprocessing = 0;
		};
		H3000002 /* Resources */ = {
			isa = PBXResourcesBuildPhase;
			buildActionMask = 2147483647;
			files = (
			);
			runOnlyForDeploymentPostprocessing = 0;
		};
/* End PBXResourcesBuildPhase section */

/* Begin PBXSourcesBuildPhase section */
		H1000001 /* Sources */ = {
			isa = PBXSourcesBuildPhase;
			buildActionMask = 2147483647;
			files = (
				A1000001 /* PlanTapDo.swift in Sources */,
				A1000002 /* ContentView.swift in Sources */,
				A1000003 /* Models.swift in Sources */,
				A1000004 /* TodoViewModel.swift in Sources */,
				A1000005 /* APIClient.swift in Sources */,
				A1000006 /* AnalyticsManager.swift in Sources */,
				A1000007 /* SentryManager.swift in Sources */,
				A1000009 /* TodoListView.swift in Sources */,
				A1000010 /* CalendarView.swift in Sources */,
				A1000011 /* TodayView.swift in Sources */,
				A1000012 /* FutureView.swift in Sources */,
				A1000013 /* CategoriesView.swift in Sources */,
				A1000014 /* CalendarHourlyGrid.swift in Sources */,
				A1000015 /* SettingsView.swift in Sources */,
				A1000017 /* AnalyticsView.swift in Sources */,
				A1000020 /* ScreenContainer.swift in Sources */,
				A1000024 /* AppStateStore.swift in Sources */,
				A1000025 /* CredentialStore.swift in Sources */,
				A1000027 /* LocalNotificationManager.swift in Sources */,
				A1000028 /* SubscriptionManager.swift in Sources */,
			);
			runOnlyForDeploymentPostprocessing = 0;
		};
		H3000001 /* Sources */ = {
			isa = PBXSourcesBuildPhase;
			buildActionMask = 2147483647;
			files = (
				A3000001 /* AppStateStoreTests.swift in Sources */,
			);
			runOnlyForDeploymentPostprocessing = 0;
		};
/* End PBXSourcesBuildPhase section */

/* Begin PBXTargetDependency section */
		P3000002 /* PBXTargetDependency */ = {
			isa = PBXTargetDependency;
			target = F1000001 /* PlanTapDo */;
			targetProxy = P3000001 /* PBXContainerItemProxy */;
		};
/* End PBXTargetDependency section */

/* Begin XCBuildConfiguration section */
		G2000001 /* Debug */ = {
			isa = XCBuildConfiguration;
			buildSettings = {
				ALWAYS_SEARCH_USER_PATHS = NO;
				CLANG_ANALYZER_NONNULL = YES;
				CLANG_ANALYZER_NUMBER_OBJECT_CONVERSION = YES_AGGRESSIVE;
				CLANG_CXX_LANGUAGE_STANDARD = "gnu++20";
				CLANG_ENABLE_MODULES = YES;
				CLANG_ENABLE_OBJC_ARC = YES;
				CLANG_ENABLE_OBJC_WEAK = YES;
				CLANG_WARN_BLOCK_CAPTURE_AUTORELEASING = YES;
				CLANG_WARN_BOOL_CONVERSION = YES;
				CLANG_WARN_COMMA = YES;
				CLANG_WARN_CONSTANT_CONVERSION = YES;
				CLANG_WARN_DEPRECATED_OBJC_IMPLEMENTATIONS = YES;
				CLANG_WARN_DIRECT_OBJC_ISA_USAGE = YES_ERROR;
				CLANG_WARN_DOCUMENTATION_COMMENTS = YES;
				CLANG_WARN_EMPTY_BODY = YES;
				CLANG_WARN_ENUM_CONVERSION = YES;
				CLANG_WARN_INFINITE_RECURSION = YES;
				CLANG_WARN_INT_CONVERSION = YES;
				CLANG_WARN_NON_LITERAL_NULL_CONVERSION = YES;
				CLANG_WARN_OBJC_IMPLICIT_RETAIN_SELF = YES;
				CLANG_WARN_OBJC_LITERAL_CONVERSION = YES;
				CLANG_WARN_OBJC_ROOT_CLASS = YES_ERROR;
				CLANG_WARN_QUOTED_INCLUDE_IN_FRAMEWORK_HEADER = YES;
				CLANG_WARN_RANGE_LOOP_ANALYSIS = YES;
				CLANG_WARN_STRICT_PROTOTYPES = YES;
				CLANG_WARN_SUSPICIOUS_MOVE = YES;
				CLANG_WARN_UNGUARDED_AVAILABILITY = YES_AGGRESSIVE;
				CLANG_WARN_UNREACHABLE_CODE = YES;
				CLANG_WARN__DUPLICATE_METHOD_MATCH = YES;
				COPY_PHASE_STRIP = NO;
				DEBUG_INFORMATION_FORMAT = dwarf;
				ENABLE_STRICT_OBJC_MSGSEND = YES;
				ENABLE_TESTABILITY = YES;
				ENABLE_USER_SCRIPT_SANDBOXING = YES;
				GCC_C_LANGUAGE_STANDARD = gnu17;
				GCC_DYNAMIC_NO_PIC = NO;
				GCC_NO_COMMON_BLOCKS = YES;
				GCC_OPTIMIZATION_LEVEL = 0;
				GCC_PREPROCESSOR_DEFINITIONS = (
					"DEBUG=1",
					"$(inherited)",
				);
				GCC_WARN_64_TO_32_BIT_CONVERSION = YES;
				GCC_WARN_ABOUT_RETURN_TYPE = YES_ERROR;
				GCC_WARN_UNDECLARED_SELECTOR = YES;
				GCC_WARN_UNINITIALIZED_AUTOS = YES_AGGRESSIVE;
				GCC_WARN_UNUSED_FUNCTION = YES;
				GCC_WARN_UNUSED_VARIABLE = YES;
				IPHONEOS_DEPLOYMENT_TARGET = 16.0;
				MTL_ENABLE_DEBUG_INFO = INCLUDE_SOURCE;
				MTL_FAST_MATH = YES;
				ONLY_ACTIVE_ARCH = YES;
				SDKROOT = iphoneos;
				STRING_CATALOG_GENERATE_SYMBOLS = YES;
				SWIFT_ACTIVE_COMPILATION_CONDITIONS = DEBUG;
				SWIFT_OPTIMIZATION_LEVEL = "-Onone";
			};
			name = Debug;
		};
		G2000002 /* Release */ = {
			isa = XCBuildConfiguration;
			buildSettings = {
				ALWAYS_SEARCH_USER_PATHS = NO;
				CLANG_ANALYZER_NONNULL = YES;
				CLANG_ANALYZER_NUMBER_OBJECT_CONVERSION = YES_AGGRESSIVE;
				CLANG_CXX_LANGUAGE_STANDARD = "gnu++20";
				CLANG_ENABLE_MODULES = YES;
				CLANG_ENABLE_OBJC_ARC = YES;
				CLANG_ENABLE_OBJC_WEAK = YES;
				CLANG_WARN_BLOCK_CAPTURE_AUTORELEASING = YES;
				CLANG_WARN_BOOL_CONVERSION = YES;
				CLANG_WARN_COMMA = YES;
				CLANG_WARN_CONSTANT_CONVERSION = YES;
				CLANG_WARN_DEPRECATED_OBJC_IMPLEMENTATIONS = YES;
				CLANG_WARN_DIRECT_OBJC_ISA_USAGE = YES_ERROR;
				CLANG_WARN_DOCUMENTATION_COMMENTS = YES;
				CLANG_WARN_EMPTY_BODY = YES;
				CLANG_WARN_ENUM_CONVERSION = YES;
				CLANG_WARN_INFINITE_RECURSION = YES;
				CLANG_WARN_INT_CONVERSION = YES;
				CLANG_WARN_NON_LITERAL_NULL_CONVERSION = YES;
				CLANG_WARN_OBJC_IMPLICIT_RETAIN_SELF = YES;
				CLANG_WARN_OBJC_LITERAL_CONVERSION = YES;
				CLANG_WARN_OBJC_ROOT_CLASS = YES_ERROR;
				CLANG_WARN_QUOTED_INCLUDE_IN_FRAMEWORK_HEADER = YES;
				CLANG_WARN_RANGE_LOOP_ANALYSIS = YES;
				CLANG_WARN_STRICT_PROTOTYPES = YES;
				CLANG_WARN_SUSPICIOUS_MOVE = YES;
				CLANG_WARN_UNGUARDED_AVAILABILITY = YES_AGGRESSIVE;
				CLANG_WARN_UNREACHABLE_CODE = YES;
				CLANG_WARN__DUPLICATE_METHOD_MATCH = YES;
				COPY_PHASE_STRIP = NO;
				DEBUG_INFORMATION_FORMAT = "dwarf-with-dsym";
				ENABLE_NS_ASSERTIONS = NO;
				ENABLE_STRICT_OBJC_MSGSEND = YES;
				ENABLE_USER_SCRIPT_SANDBOXING = YES;
				GCC_C_LANGUAGE_STANDARD = gnu17;
				GCC_NO_COMMON_BLOCKS = YES;
				GCC_WARN_64_TO_32_BIT_CONVERSION = YES;
				GCC_WARN_ABOUT_RETURN_TYPE = YES_ERROR;
				GCC_WARN_UNDECLARED_SELECTOR = YES;
				GCC_WARN_UNINITIALIZED_AUTOS = YES_AGGRESSIVE;
				GCC_WARN_UNUSED_FUNCTION = YES;
				GCC_WARN_UNUSED_VARIABLE = YES;
				IPHONEOS_DEPLOYMENT_TARGET = 16.0;
				MTL_FAST_MATH = YES;
				SDKROOT = iphoneos;
				STRING_CATALOG_GENERATE_SYMBOLS = YES;
				SWIFT_COMPILATION_MODE = wholemodule;
				SWIFT_OPTIMIZATION_LEVEL = "-O";
				VALIDATE_PRODUCT = YES;
			};
			name = Release;
		};
		G2000003 /* Debug */ = {
			isa = XCBuildConfiguration;
			buildSettings = {
				API_BASE_URL = "http://127.0.0.1:8000/api/";
				PRIVACY_POLICY_URL = "https://toproindustry.site/privacy";
				ASSETCATALOG_COMPILER_APPICON_NAME = AppIcon;
				CODE_SIGN_STYLE = Automatic;
				CURRENT_PROJECT_VERSION = 1;
				DEVELOPMENT_TEAM = BUB3Q77S9P;
				GENERATE_INFOPLIST_FILE = NO;
				INFOPLIST_FILE = PlanTapDo/Info.plist;
				LD_RUNPATH_SEARCH_PATHS = (
					"$(inherited)",
					"@executable_path/Frameworks",
				);
				MARKETING_VERSION = 1.0;
				PRODUCT_BUNDLE_IDENTIFIER = com.plantapdo.app;
				PRODUCT_BUNDLE_PACKAGE_TYPE = APPL;
				PRODUCT_NAME = "$(TARGET_NAME)";
				SWIFT_EMIT_LOC_STRINGS = YES;
				SWIFT_VERSION = 5.0;
				SUPPORTED_PLATFORMS = iphoneos;
				SUPPORT_URL = "https://toproindustry.site/support";
				TERMS_OF_USE_URL = "https://toproindustry.site/terms";
				TARGETED_DEVICE_FAMILY = "1,2";
			};
			name = Debug;
		};
		G2000004 /* Release */ = {
			isa = XCBuildConfiguration;
			buildSettings = {
				API_BASE_URL = "";
				PRIVACY_POLICY_URL = "https://toproindustry.site/privacy";
				ASSETCATALOG_COMPILER_APPICON_NAME = AppIcon;
				CODE_SIGN_STYLE = Automatic;
				CURRENT_PROJECT_VERSION = 1;
				DEVELOPMENT_TEAM = BUB3Q77S9P;
				GENERATE_INFOPLIST_FILE = NO;
				INFOPLIST_FILE = PlanTapDo/Info.plist;
				LD_RUNPATH_SEARCH_PATHS = (
					"$(inherited)",
					"@executable_path/Frameworks",
				);
				MARKETING_VERSION = 1.0;
				PRODUCT_BUNDLE_IDENTIFIER = com.plantapdo.app;
				PRODUCT_BUNDLE_PACKAGE_TYPE = APPL;
				PRODUCT_NAME = "$(TARGET_NAME)";
				SWIFT_EMIT_LOC_STRINGS = YES;
				SWIFT_VERSION = 5.0;
				SUPPORTED_PLATFORMS = iphoneos;
				SUPPORT_URL = "https://toproindustry.site/support";
				TERMS_OF_USE_URL = "https://toproindustry.site/terms";
				TARGETED_DEVICE_FAMILY = "1,2";
			};
			name = Release;
		};
		G3000001 /* Debug */ = {
			isa = XCBuildConfiguration;
			buildSettings = {
				BUNDLE_LOADER = "$(TEST_HOST)";
				CODE_SIGN_STYLE = Automatic;
				DEVELOPMENT_TEAM = BUB3Q77S9P;
				GENERATE_INFOPLIST_FILE = YES;
				IPHONEOS_DEPLOYMENT_TARGET = 16.0;
				LD_RUNPATH_SEARCH_PATHS = (
					"$(inherited)",
					"@executable_path/Frameworks",
					"@loader_path/Frameworks",
				);
				PRODUCT_BUNDLE_IDENTIFIER = com.plantapdo.app.tests;
				PRODUCT_NAME = "$(TARGET_NAME)";
				SUPPORTED_PLATFORMS = iphoneos;
				SWIFT_VERSION = 5.0;
				TARGETED_DEVICE_FAMILY = "1,2";
				TEST_HOST = "$(BUILT_PRODUCTS_DIR)/PlanTapDo.app/PlanTapDo";
			};
			name = Debug;
		};
		G3000002 /* Release */ = {
			isa = XCBuildConfiguration;
			buildSettings = {
				BUNDLE_LOADER = "$(TEST_HOST)";
				CODE_SIGN_STYLE = Automatic;
				DEVELOPMENT_TEAM = BUB3Q77S9P;
				GENERATE_INFOPLIST_FILE = YES;
				IPHONEOS_DEPLOYMENT_TARGET = 16.0;
				LD_RUNPATH_SEARCH_PATHS = (
					"$(inherited)",
					"@executable_path/Frameworks",
					"@loader_path/Frameworks",
				);
				PRODUCT_BUNDLE_IDENTIFIER = com.plantapdo.app.tests;
				PRODUCT_NAME = "$(TARGET_NAME)";
				SUPPORTED_PLATFORMS = iphoneos;
				SWIFT_VERSION = 5.0;
				TARGETED_DEVICE_FAMILY = "1,2";
				TEST_HOST = "$(BUILT_PRODUCTS_DIR)/PlanTapDo.app/PlanTapDo";
			};
			name = Release;
		};
/* End XCBuildConfiguration section */

/* Begin XCConfigurationList section */
		G1000001 /* Build configuration list for PBXProject "PlanTapDo" */ = {
			isa = XCConfigurationList;
			buildConfigurations = (
				G2000001 /* Debug */,
				G2000002 /* Release */,
			);
			defaultConfigurationIsVisible = 0;
			defaultConfigurationName = Release;
		};
		G1000002 /* Build configuration list for PBXNativeTarget "PlanTapDo" */ = {
			isa = XCConfigurationList;
			buildConfigurations = (
				G2000003 /* Debug */,
				G2000004 /* Release */,
			);
			defaultConfigurationIsVisible = 0;
			defaultConfigurationName = Release;
		};
		G3000003 /* Build configuration list for PBXNativeTarget "PlanTapDoTests" */ = {
			isa = XCConfigurationList;
			buildConfigurations = (
				G3000001 /* Debug */,
				G3000002 /* Release */,
			);
			defaultConfigurationIsVisible = 0;
			defaultConfigurationName = Release;
		};
/* End XCConfigurationList section */
	};
	rootObject = F2000001 /* Project object */;
}
